{
  "name": "rxjs-intro",
  "version": "1.0.0",
  "lockfileVersion": 1,
  "requires": true,
  "dependencies": {
    "rxjs": {
      "version": "6.6.2",
      "resolved": "http://proget.inova.ch/npm/dev/rxjs/-/rxjs-6.6.2.tgz",
      "integrity": "sha512-BHdBMVoWC2sL26w//BCu3YzKT4s2jip/WhwsGEDmeKYBhKDZeYezVUnHatYB7L85v5xs0BAQmg6BEYJEKxBabg==",
      "requires": {
        "tslib": "^1.9.0"
      }
    },
    "tslib": {
      "version": "1.13.0",
      "resolved": "http://proget.inova.ch/npm/dev/tslib/-/tslib-1.13.0.tgz",
      "integrity": "sha1-yIHhPMcBWJTtkUhi0nZDb6mkcEM="
    }
  }
}
